
Microsoft Visual Studio Solution File, Format Version 12.00
# Visual Studio Version 17
VisualStudioVersion = 17.0.31903.59
MinimumVisualStudioVersion = 10.0.40219.1
Project("{FAE04EC0-301F-11D3-BF4B-00C04F79EFBC}") = "Palindrome", "Palindrome\Palindrome.csproj", "{84FF6F7E-19A4-4D3A-99C7-B28EBA20422B}"
EndProject
Project("{FAE04EC0-301F-11D3-BF4B-00C04F79EFBC}") = "MultipleStuff", "MultipleStuff\MultipleStuff.csproj", "{E3A1A7D8-F1BD-41BC-828B-20B2059C9DEC}"
EndProject
Global
	GlobalSection(SolutionConfigurationPlatforms) = preSolution
		Debug|Any CPU = Debug|Any CPU
		Release|Any CPU = Release|Any CPU
	EndGlobalSection
	GlobalSection(SolutionProperties) = preSolution
		HideSolutionNode = FALSE
	EndGlobalSection
	GlobalSection(ProjectConfigurationPlatforms) = postSolution
		{84FF6F7E-19A4-4D3A-99C7-B28EBA20422B}.Debug|Any CPU.ActiveCfg = Debug|Any CPU
		{84FF6F7E-19A4-4D3A-99C7-B28EBA20422B}.Debug|Any CPU.Build.0 = Debug|Any CPU
		{84FF6F7E-19A4-4D3A-99C7-B28EBA20422B}.Release|Any CPU.ActiveCfg = Release|Any CPU
		{84FF6F7E-19A4-4D3A-99C7-B28EBA20422B}.Release|Any CPU.Build.0 = Release|Any CPU
		{E3A1A7D8-F1BD-41BC-828B-20B2059C9DEC}.Debug|Any CPU.ActiveCfg = Debug|Any CPU
		{E3A1A7D8-F1BD-41BC-828B-20B2059C9DEC}.Debug|Any CPU.Build.0 = Debug|Any CPU
		{E3A1A7D8-F1BD-41BC-828B-20B2059C9DEC}.Release|Any CPU.ActiveCfg = Release|Any CPU
		{E3A1A7D8-F1BD-41BC-828B-20B2059C9DEC}.Release|Any CPU.Build.0 = Release|Any CPU
	EndGlobalSection
EndGlobal
